// !$*UTF8*$!
{
	archiveVersion = 1;
	classes = {
	};
	objectVersion = 46;
	objects = {

/* Begin PBXBuildFile section */
		ACE00B6F1A5937D70077B139 /* main.m in Sources */ = {isa = PBXBuildFile; fileRef = ACE00B6E1A5937D70077B139 /* main.m */; };
		ACE00B721A5937D70077B139 /* AppDelegate.m in Sources */ = {isa = PBXBuildFile; fileRef = ACE00B711A5937D70077B139 /* AppDelegate.m */; };
		ACE00B751A5937D70077B139 /* MasterViewController.m in Sources */ = {isa = PBXBuildFile; fileRef = ACE00B741A5937D70077B139 /* MasterViewController.m */; };
		ACE00B781A5937D80077B139 /* DetailViewController.m in Sources */ = {isa = PBXBuildFile; fileRef = ACE00B771A5937D80077B139 /* DetailViewController.m */; };
		ACE00B7B1A5937D80077B139 /* Main.storyboard in Resources */ = {isa = PBXBuildFile; fileRef = ACE00B791A5937D80077B139 /* Main.storyboard */; };
		ACE00B7D1A5937D80077B139 /* Images.xcassets in Resources */ = {isa = PBXBuildFile; fileRef = ACE00B7C1A5937D80077B139 /* Images.xcassets */; };
		ACE00B801A5937D80077B139 /* LaunchScreen.xib in Resources */ = {isa = PBXBuildFile; fileRef = ACE00B7E1A5937D80077B139 /* LaunchScreen.xib */; };
		ACE00B8C1A5937D80077B139 /* MD_testTests.m in Sources */ = {isa = PBXBuildFile; fileRef = ACE00B8B1A5937D80077B139 /* MD_testTests.m */; };
/* End PBXBuildFile section */

/* Begin PBXContainerItemProxy section */
		ACE00B861A5937D80077B139 /* PBXContainerItemProxy */ = {
			isa = PBXContainerItemProxy;
			containerPortal = ACE00B611A5937D70077B139 /* Project object */;
			proxyType = 1;
			remoteGlobalIDString = ACE00B681A5937D70077B139;
			remoteInfo = "MD-test";
		};
/* End PBXContainerItemProxy section */

/* Begin PBXFileReference section */
		ACE00B691A5937D70077B139 /* MD-test.app */ = {isa = PBXFileReference; explicitFileType = wrapper.application; includeInIndex = 0; path = "MD-test.app"; sourceTree = BUILT_PRODUCTS_DIR; };
		ACE00B6D1A5937D70077B139 /* Info.plist */ = {isa = PBXFileReference; lastKnownFileType = text.plist.xml; path = Info.plist; sourceTree = "<group>"; };
		ACE00B6E1A5937D70077B139 /* main.m */ = {isa = PBXFileReference; lastKnownFileType = sourcecode.c.objc; path = main.m; sourceTree = "<group>"; };
		ACE00B701A5937D70077B139 /* AppDelegate.h */ = {isa = PBXFileReference; lastKnownFileType = sourcecode.c.h; path = AppDelegate.h; sourceTree = "<group>"; };
		ACE00B711A5937D70077B139 /* AppDelegate.m */ = {isa = PBXFileReference; lastKnownFileType = sourcecode.c.objc; path = AppDelegate.m; sourceTree = "<group>"; };
		ACE00B731A5937D70077B139 /* MasterViewController.h */ = {isa = PBXFileReference; lastKnownFileType = sourcecode.c.h; path = MasterViewController.h; sourceTree = "<group>"; };
		ACE00B741A5937D70077B139 /* MasterViewController.m */ = {isa = PBXFileReference; lastKnownFileType = sourcecode.c.objc; path = MasterViewController.m; sourceTree = "<group>"; };
		ACE00B761A5937D80077B139 /* DetailViewController.h */ = {isa = PBXFileReference; lastKnownFileType = sourcecode.c.h; path = DetailViewController.h; sourceTree = "<group>"; };
		ACE00B771A5937D80077B139 /* DetailViewController.m */ = {isa = PBXFileReference; lastKnownFileType = sourcecode.c.objc; path = DetailViewController.m; sourceTree = "<group>"; };
		ACE00B7A1A5937D80077B139 /* Base */ = {isa = PBXFileReference; lastKnownFileType = file.storyboard; name = Base; path = Base.lproj/Main.storyboard; sourceTree = "<group>"; };
		ACE00B7C1A5937D80077B139 /* Images.xcassets */ = {isa = PBXFileReference; lastKnownFileType = folder.assetcatalog; path = Images.xcassets; sourceTree = "<group>"; };
		ACE00B7F1A5937D80077B139 /* Base */ = {isa = PBXFileReference; lastKnownFileType = file.xib; name = Base; path = Base.lproj/LaunchScreen.xib; sourceTree = "<group>"; };
		ACE00B851A5937D80077B139 /* MD-testTests.xctest */ = {isa = PBXFileReference; explicitFileType = wrapper.cfbundle; includeInIndex = 0; path = "MD-testTests.xctest"; sourceTree = BUILT_PRODUCTS_DIR; };
		ACE00B8A1A5937D80077B139 /* Info.plist */ = {isa = PBXFileReference; lastKnownFileType = text.plist.xml; path = Info.plist; sourceTree = "<group>"; };
		ACE00B8B1A5937D80077B139 /* MD_testTests.m */ = {isa = PBXFileReference; lastKnownFileType = sourcecode.c.objc; path = MD_testTests.m; sourceTree = "<group>"; };
/* End PBXFileReference section */

/* Begin PBXFrameworksBuildPhase section */
		ACE00B661A5937D70077B139 /* Frameworks */ = {
			isa = PBXFrameworksBuildPhase;
			buildActionMask = 2147483647;
			files = (
			);
			runOnlyForDeploymentPostprocessing = 0;
		};
		ACE00B821A5937D80077B139 /* Frameworks */ = {
			isa = PBXFrameworksBuildPhase;
			buildActionMask = 2147483647;
			files = (
			);
			runOnlyForDeploymentPostprocessing = 0;
		};
/* End PBXFrameworksBuildPhase section */

/* Begin PBXGroup section */
		ACE00B601A5937D70077B139 = {
			isa = PBXGroup;
			children = (
				ACE00B6B1A5937D70077B139 /* MD-test */,
				ACE00B881A5937D80077B139 /* MD-testTests */,
				ACE00B6A1A5937D70077B139 /* Products */,
			);
			sourceTree = "<group>";
		};
		ACE00B6A1A5937D70077B139 /* Products */ = {
			isa = PBXGroup;
			children = (
				ACE00B691A5937D70077B139 /* MD-test.app */,
				ACE00B851A5937D80077B139 /* MD-testTests.xctest */,
			);
			name = Products;
			sourceTree = "<group>";
		};
		ACE00B6B1A5937D70077B139 /* MD-test */ = {
			isa = PBXGroup;
			children = (
				ACE00B701A5937D70077B139 /* AppDelegate.h */,
				ACE00B711A5937D70077B139 /* AppDelegate.m */,
				ACE00B731A5937D70077B139 /* MasterViewController.h */,
				ACE00B741A5937D70077B139 /* MasterViewController.m */,
				ACE00B761A5937D80077B139 /* DetailViewController.h */,
				ACE00B771A5937D80077B139 /* DetailViewController.m */,
				ACE00B791A5937D80077B139 /* Main.storyboard */,
				ACE00B7C1A5937D80077B139 /* Images.xcassets */,
				ACE00B7E1A5937D80077B139 /* LaunchScreen.xib */,
				ACE00B6C1A5937D70077B139 /* Supporting Files */,
			);
			path = "MD-test";
			sourceTree = "<group>";
		};
		ACE00B6C1A5937D70077B139 /* Supporting Files */ = {
			isa = PBXGroup;
			children = (
				ACE00B6D1A5937D70077B139 /* Info.plist */,
				ACE00B6E1A5937D70077B139 /* main.m */,
			);
			name = "Supporting Files";
			sourceTree = "<group>";
		};
		ACE00B881A5937D80077B139 /* MD-testTests */ = {
			isa = PBXGroup;
			children = (
				ACE00B8B1A5937D80077B139 /* MD_testTests.m */,
				ACE00B891A5937D80077B139 /* Supporting Files */,
			);
			path = "MD-testTests";
			sourceTree = "<group>";
		};
		ACE00B891A5937D80077B139 /* Supporting Files */ = {
			isa = PBXGroup;
			children = (
				ACE00B8A1A5937D80077B139 /* Info.plist */,
			);
			name = "Supporting Files";
			sourceTree = "<group>";
		};
/* End PBXGroup section */

/* Begin PBXNativeTarget section */
		ACE00B681A5937D70077B139 /* MD-test */ = {
			isa = PBXNativeTarget;
			buildConfigurationList = ACE00B8F1A5937D80077B139 /* Build configuration list for PBXNativeTarget "MD-test" */;
			buildPhases = (
				ACE00B651A5937D70077B139 /* Sources */,
				ACE00B661A5937D70077B139 /* Frameworks */,
				ACE00B671A5937D70077B139 /* Resources */,
			);
			buildRules = (
			);
			dependencies = (
			);
			name = "MD-test";
			productName = "MD-test";
			productReference = ACE00B691A5937D70077B139 /* MD-test.app */;
			productType = "com.apple.product-type.application";
		};
		ACE00B841A5937D80077B139 /* MD-testTests */ = {
			isa = PBXNativeTarget;
			buildConfigurationList = ACE00B921A5937D80077B139 /* Build configuration list for PBXNativeTarget "MD-testTests" */;
			buildPhases = (
				ACE00B811A5937D80077B139 /* Sources */,
				ACE00B821A5937D80077B139 /* Frameworks */,
				ACE00B831A5937D80077B139 /* Resources */,
			);
			buildRules = (
			);
			dependencies = (
				ACE00B871A5937D80077B139 /* PBXTargetDependency */,
			);
			name = "MD-testTests";
			productName = "MD-testTests";
			productReference = ACE00B851A5937D80077B139 /* MD-testTests.xctest */;
			productType = "com.apple.product-type.bundle.unit-test";
		};
/* End PBXNativeTarget section */

/* Begin PBXProject section */
		ACE00B611A5937D70077B139 /* Project object */ = {
			isa = PBXProject;
			attributes = {
				LastUpgradeCheck = 0610;
				ORGANIZATIONNAME = appsnideas;
				TargetAttributes = {
					ACE00B681A5937D70077B139 = {
						CreatedOnToolsVersion = 6.1.1;
					};
					ACE00B841A5937D80077B139 = {
						CreatedOnToolsVersion = 6.1.1;
						TestTargetID = ACE00B681A5937D70077B139;
					};
				};
			};
			buildConfigurationList = ACE00B641A5937D70077B139 /* Build configuration list for PBXProject "MD-test" */;
			compatibilityVersion = "Xcode 3.2";
			developmentRegion = English;
			hasScannedForEncodings = 0;
			knownRegions = (
				en,
				Base,
			);
			mainGroup = ACE00B601A5937D70077B139;
			productRefGroup = ACE00B6A1A5937D70077B139 /* Products */;
			projectDirPath = "";
			projectRoot = "";
			targets = (
				ACE00B681A5937D70077B139 /* MD-test */,
				ACE00B841A5937D80077B139 /* MD-testTests */,
			);
		};
/* End PBXProject section */

/* Begin PBXResourcesBuildPhase section */
		ACE00B671A5937D70077B139 /* Resources */ = {
			isa = PBXResourcesBuildPhase;
			buildActionMask = 2147483647;
			files = (
				ACE00B7B1A5937D80077B139 /* Main.storyboard in Resources */,
				ACE00B801A5937D80077B139 /* LaunchScreen.xib in Resources */,
				ACE00B7D1A5937D80077B139 /* Images.xcassets in Resources */,
			);
			runOnlyForDeploymentPostprocessing = 0;
		};
		ACE00B831A5937D80077B139 /* Resources */ = {
			isa = PBXResourcesBuildPhase;
			buildActionMask = 2147483647;
			files = (
			);
			runOnlyForDeploymentPostprocessing = 0;
		};
/* End PBXResourcesBuildPhase section */

/* Begin PBXSourcesBuildPhase section */
		ACE00B651A5937D70077B139 /* Sources */ = {
			isa = PBXSourcesBuildPhase;
			buildActionMask = 2147483647;
			files = (
				ACE00B721A5937D70077B139 /* AppDelegate.m in Sources */,
				ACE00B751A5937D70077B139 /* MasterViewController.m in Sources */,
				ACE00B6F1A5937D70077B139 /* main.m in Sources */,
				ACE00B781A5937D80077B139 /* DetailViewController.m in Sources */,
			);
			runOnlyForDeploymentPostprocessing = 0;
		};
		ACE00B811A5937D80077B139 /* Sources */ = {
			isa = PBXSourcesBuildPhase;
			buildActionMask = 2147483647;
			files = (
				ACE00B8C1A5937D80077B139 /* MD_testTests.m in Sources */,
			);
			runOnlyForDeploymentPostprocessing = 0;
		};
/* End PBXSourcesBuildPhase section */

/* Begin PBXTargetDependency section */
		ACE00B871A5937D80077B139 /* PBXTargetDependency */ = {
			isa = PBXTargetDependency;
			target = ACE00B681A5937D70077B139 /* MD-test */;
			targetProxy = ACE00B861A5937D80077B139 /* PBXContainerItemProxy */;
		};
/* End PBXTargetDependency section */

/* Begin PBXVariantGroup section */
		ACE00B791A5937D80077B139 /* Main.storyboard */ = {
			isa = PBXVariantGroup;
			children = (
				ACE00B7A1A5937D80077B139 /* Base */,
			);
			name = Main.storyboard;
			sourceTree = "<group>";
		};
		ACE00B7E1A5937D80077B139 /* LaunchScreen.xib */ = {
			isa = PBXVariantGroup;
			children = (
				ACE00B7F1A5937D80077B139 /* Base */,
			);
			name = LaunchScreen.xib;
			sourceTree = "<group>";
		};
/* End PBXVariantGroup section */

/* Begin XCBuildConfiguration section */
		ACE00B8D1A5937D80077B139 /* Debug */ = {
			isa = XCBuildConfiguration;
			buildSettings = {
				ALWAYS_SEARCH_USER_PATHS = NO;
				CLANG_CXX_LANGUAGE_STANDARD = "gnu++0x";
				CLANG_CXX_LIBRARY = "libc++";
				CLANG_ENABLE_MODULES = YES;
				CLANG_ENABLE_OBJC_ARC = YES;
				CLANG_WARN_BOOL_CONVERSION = YES;
				CLANG_WARN_CONSTANT_CONVERSION = YES;
				CLANG_WARN_DIRECT_OBJC_ISA_USAGE = YES_ERROR;
				CLANG_WARN_EMPTY_BODY = YES;
				CLANG_WARN_ENUM_CONVERSION = YES;
				CLANG_WARN_INT_CONVERSION = YES;
				CLANG_WARN_OBJC_ROOT_CLASS = YES_ERROR;
				CLANG_WARN_UNREACHABLE_CODE = YES;
				CLANG_WARN__DUPLICATE_METHOD_MATCH = YES;
				"CODE_SIGN_IDENTITY[sdk=iphoneos*]" = "iPhone Developer";
				COPY_PHASE_STRIP = NO;
				ENABLE_STRICT_OBJC_MSGSEND = YES;
				GCC_C_LANGUAGE_STANDARD = gnu99;
				GCC_DYNAMIC_NO_PIC = NO;
				GCC_OPTIMIZATION_LEVEL = 0;
				GCC_PREPROCESSOR_DEFINITIONS = (
					"DEBUG=1",
					"$(inherited)",
				);
				GCC_SYMBOLS_PRIVATE_EXTERN = NO;
				GCC_WARN_64_TO_32_BIT_CONVERSION = YES;
				GCC_WARN_ABOUT_RETURN_TYPE = YES_ERROR;
				GCC_WARN_UNDECLARED_SELECTOR = YES;
				GCC_WARN_UNINITIALIZED_AUTOS = YES_AGGRESSIVE;
				GCC_WARN_UNUSED_FUNCTION = YES;
				GCC_WARN_UNUSED_VARIABLE = YES;
				IPHONEOS_DEPLOYMENT_TARGET = 8.1;
				MTL_ENABLE_DEBUG_INFO = YES;
				ONLY_ACTIVE_ARCH = YES;
				SDKROOT = iphoneos;
			};
			name = Debug;
		};
		ACE00B8E1A5937D80077B139 /* Release */ = {
			isa = XCBuildConfiguration;
			buildSettings = {
				ALWAYS_SEARCH_USER_PATHS = NO;
				CLANG_CXX_LANGUAGE_STANDARD = "gnu++0x";
				CLANG_CXX_LIBRARY = "libc++";
				CLANG_ENABLE_MODULES = YES;
				CLANG_ENABLE_OBJC_ARC = YES;
				CLANG_WARN_BOOL_CONVERSION = YES;
				CLANG_WARN_CONSTANT_CONVERSION = YES;
				CLANG_WARN_DIRECT_OBJC_ISA_USAGE = YES_ERROR;
				CLANG_WARN_EMPTY_BODY = YES;
				CLANG_WARN_ENUM_CONVERSION = YES;
				CLANG_WARN_INT_CONVERSION = YES;
				CLANG_WARN_OBJC_ROOT_CLASS = YES_ERROR;
				CLANG_WARN_UNREACHABLE_CODE = YES;
				CLANG_WARN__DUPLICATE_METHOD_MATCH = YES;
				"CODE_SIGN_IDENTITY[sdk=iphoneos*]" = "iPhone Developer";
				COPY_PHASE_STRIP = YES;
				ENABLE_NS_ASSERTIONS = NO;
				ENABLE_STRICT_OBJC_MSGSEND = YES;
				GCC_C_LANGUAGE_STANDARD = gnu99;
				GCC_WARN_64_TO_32_BIT_CONVERSION = YES;
				GCC_WARN_ABOUT_RETURN_TYPE = YES_ERROR;
				GCC_WARN_UNDECLARED_SELECTOR = YES;
				GCC_WARN_UNINITIALIZED_AUTOS = YES_AGGRESSIVE;
				GCC_WARN_UNUSED_FUNCTION = YES;
				GCC_WARN_UNUSED_VARIABLE = YES;
				IPHONEOS_DEPLOYMENT_TARGET = 8.1;
				MTL_ENABLE_DEBUG_INFO = NO;
				SDKROOT = iphoneos;
				VALIDATE_PRODUCT = YES;
			};
			name = Release;
		};
		ACE00B901A5937D80077B139 /* Debug */ = {
			isa = XCBuildConfiguration;
			buildSettings = {
				ASSETCATALOG_COMPILER_APPICON_NAME = AppIcon;
				INFOPLIST_FILE = "MD-test/Info.plist";
				LD_RUNPATH_SEARCH_PATHS = "$(inherited) @executable_path/Frameworks";
				PRODUCT_NAME = "$(TARGET_NAME)";
			};
			name = Debug;
		};
		ACE00B911A5937D80077B139 /* Release */ = {
			isa = XCBuildConfiguration;
			buildSettings = {
				ASSETCATALOG_COMPILER_APPICON_NAME = AppIcon;
				INFOPLIST_FILE = "MD-test/Info.plist";
				LD_RUNPATH_SEARCH_PATHS = "$(inherited) @executable_path/Frameworks";
				PRODUCT_NAME = "$(TARGET_NAME)";
			};
			name = Release;
		};
		ACE00B931A5937D80077B139 /* Debug */ = {
			isa = XCBuildConfiguration;
			buildSettings = {
				BUNDLE_LOADER = "$(TEST_HOST)";
				FRAMEWORK_SEARCH_PATHS = (
					"$(SDKROOT)/Developer/Library/Frameworks",
					"$(inherited)",
				);
				GCC_PREPROCESSOR_DEFINITIONS = (
					"DEBUG=1",
					"$(inherited)",
				);
				INFOPLIST_FILE = "MD-testTests/Info.plist";
				LD_RUNPATH_SEARCH_PATHS = "$(inherited) @executable_path/Frameworks @loader_path/Frameworks";
				PRODUCT_NAME = "$(TARGET_NAME)";
				TEST_HOST = "$(BUILT_PRODUCTS_DIR)/MD-test.app/MD-test";
			};
			name = Debug;
		};
		ACE00B941A5937D80077B139 /* Release */ = {
			isa = XCBuildConfiguration;
			buildSettings = {
				BUNDLE_LOADER = "$(TEST_HOST)";
				FRAMEWORK_SEARCH_PATHS = (
					"$(SDKROOT)/Developer/Library/Frameworks",
					"$(inherited)",
				);
				INFOPLIST_FILE = "MD-testTests/Info.plist";
				LD_RUNPATH_SEARCH_PATHS = "$(inherited) @executable_path/Frameworks @loader_path/Frameworks";
				PRODUCT_NAME = "$(TARGET_NAME)";
				TEST_HOST = "$(BUILT_PRODUCTS_DIR)/MD-test.app/MD-test";
			};
			name = Release;
		};
/* End XCBuildConfiguration section */

/* Begin XCConfigurationList section */
		ACE00B641A5937D70077B139 /* Build configuration list for PBXProject "MD-test" */ = {
			isa = XCConfigurationList;
			buildConfigurations = (
				ACE00B8D1A5937D80077B139 /* Debug */,
				ACE00B8E1A5937D80077B139 /* Release */,
			);
			defaultConfigurationIsVisible = 0;
			defaultConfigurationName = Release;
		};
		ACE00B8F1A5937D80077B139 /* Build configuration list for PBXNativeTarget "MD-test" */ = {
			isa = XCConfigurationList;
			buildConfigurations = (
				ACE00B901A5937D80077B139 /* Debug */,
				ACE00B911A5937D80077B139 /* Release */,
			);
			defaultConfigurationIsVisible = 0;
		};
		ACE00B921A5937D80077B139 /* Build configuration list for PBXNativeTarget "MD-testTests" */ = {
			isa = XCConfigurationList;
			buildConfigurations = (
				ACE00B931A5937D80077B139 /* Debug */,
				ACE00B941A5937D80077B139 /* Release */,
			);
			defaultConfigurationIsVisible = 0;
		};
/* End XCConfigurationList section */
	};
	rootObject = ACE00B611A5937D70077B139 /* Project object */;
}
